
Microsoft Visual Studio Solution File, Format Version 12.00
# Visual Studio Version 17
VisualStudioVersion = 17.3.32901.215
MinimumVisualStudioVersion = 10.0.40219.1
Project("{FAE04EC0-301F-11D3-BF4B-00C04F79EFBC}") = "UpSchool.Wasm4", "UpSchool.Wasm4\UpSchool.Wasm4.csproj", "{F6B50882-7F00-430F-AC3D-7616A5EA1A6C}"
EndProject
Global
	GlobalSection(SolutionConfigurationPlatforms) = preSolution
		Debug|Any CPU = Debug|Any CPU
		Release|Any CPU = Release|Any CPU
	EndGlobalSection
	GlobalSection(ProjectConfigurationPlatforms) = postSolution
		{F6B50882-7F00-430F-AC3D-7616A5EA1A6C}.Debug|Any CPU.ActiveCfg = Debug|Any CPU
		{F6B50882-7F00-430F-AC3D-7616A5EA1A6C}.Debug|Any CPU.Build.0 = Debug|Any CPU
		{F6B50882-7F00-430F-AC3D-7616A5EA1A6C}.Release|Any CPU.ActiveCfg = Release|Any CPU
		{F6B50882-7F00-430F-AC3D-7616A5EA1A6C}.Release|Any CPU.Build.0 = Release|Any CPU
	EndGlobalSection
	GlobalSection(SolutionProperties) = preSolution
		HideSolutionNode = FALSE
	EndGlobalSection
	GlobalSection(ExtensibilityGlobals) = postSolution
		SolutionGuid = {42BB6126-E1ED-4D8D-9A55-0D3D616CF973}
	EndGlobalSection
EndGlobal
